
Microsoft Visual Studio Solution File, Format Version 12.00
# Visual Studio Version 17
VisualStudioVersion = 17.6.33927.249
MinimumVisualStudioVersion = 10.0.40219.1
Project("{9A19103F-16F7-4668-BE54-9A1E7A4F7556}") = "Dispatcher", "src\Dispatcher\Dispatcher.csproj", "{68AE4E7C-32CF-417E-82A3-D0851F9B75E0}"
EndProject
Project("{2150E333-8FDC-42A3-9474-1A3956D46DE8}") = "samples", "samples", "{114C4627-42B0-4632-9591-F3139425FBC8}"
EndProject
Project("{2150E333-8FDC-42A3-9474-1A3956D46DE8}") = "tests", "tests", "{1398D43A-FCCA-4D61-98B2-203CEC51E860}"
EndProject
Project("{2150E333-8FDC-42A3-9474-1A3956D46DE8}") = "src", "src", "{8ECA4566-EAF6-4BFA-B497-E7B66A902AA2}"
EndProject
Project("{FAE04EC0-301F-11D3-BF4B-00C04F79EFBC}") = "Dispatcher.Console", "tests\Dispatcher.Console\Dispatcher.Console.csproj", "{3900E11C-3563-47A8-A2D3-6A2868873983}"
EndProject
Global
	GlobalSection(SolutionConfigurationPlatforms) = preSolution
		Debug|Any CPU = Debug|Any CPU
		Release|Any CPU = Release|Any CPU
	EndGlobalSection
	GlobalSection(ProjectConfigurationPlatforms) = postSolution
		{68AE4E7C-32CF-417E-82A3-D0851F9B75E0}.Debug|Any CPU.ActiveCfg = Debug|Any CPU
		{68AE4E7C-32CF-417E-82A3-D0851F9B75E0}.Debug|Any CPU.Build.0 = Debug|Any CPU
		{68AE4E7C-32CF-417E-82A3-D0851F9B75E0}.Release|Any CPU.ActiveCfg = Release|Any CPU
		{68AE4E7C-32CF-417E-82A3-D0851F9B75E0}.Release|Any CPU.Build.0 = Release|Any CPU
		{3900E11C-3563-47A8-A2D3-6A2868873983}.Debug|Any CPU.ActiveCfg = Debug|Any CPU
		{3900E11C-3563-47A8-A2D3-6A2868873983}.Debug|Any CPU.Build.0 = Debug|Any CPU
		{3900E11C-3563-47A8-A2D3-6A2868873983}.Release|Any CPU.ActiveCfg = Release|Any CPU
		{3900E11C-3563-47A8-A2D3-6A2868873983}.Release|Any CPU.Build.0 = Release|Any CPU
	EndGlobalSection
	GlobalSection(SolutionProperties) = preSolution
		HideSolutionNode = FALSE
	EndGlobalSection
	GlobalSection(NestedProjects) = preSolution
		{68AE4E7C-32CF-417E-82A3-D0851F9B75E0} = {8ECA4566-EAF6-4BFA-B497-E7B66A902AA2}
		{3900E11C-3563-47A8-A2D3-6A2868873983} = {114C4627-42B0-4632-9591-F3139425FBC8}
	EndGlobalSection
	GlobalSection(ExtensibilityGlobals) = postSolution
		SolutionGuid = {5AF6D9FE-AD52-40C0-AF9F-519E652126FA}
	EndGlobalSection
EndGlobal
